// !$*UTF8*$!
{
	archiveVersion = 1;
	classes = {
	};
	objectVersion = 46;
	objects = {

/* Begin PBXBuildFile section */
		D6C9DB481C0EA68B00A5CB4A /* AppDelegate.swift in Sources */ = {isa = PBXBuildFile; fileRef = D6C9DB471C0EA68B00A5CB4A /* AppDelegate.swift */; };
		D6C9DB4A1C0EA68B00A5CB4A /* ViewController.swift in Sources */ = {isa = PBXBuildFile; fileRef = D6C9DB491C0EA68B00A5CB4A /* ViewController.swift */; };
		D6C9DB4D1C0EA68B00A5CB4A /* Main.storyboard in Resources */ = {isa = PBXBuildFile; fileRef = D6C9DB4B1C0EA68B00A5CB4A /* Main.storyboard */; };
		D6C9DB4F1C0EA68B00A5CB4A /* Assets.xcassets in Resources */ = {isa = PBXBuildFile; fileRef = D6C9DB4E1C0EA68B00A5CB4A /* Assets.xcassets */; };
		D6C9DB521C0EA68B00A5CB4A /* LaunchScreen.storyboard in Resources */ = {isa = PBXBuildFile; fileRef = D6C9DB501C0EA68B00A5CB4A /* LaunchScreen.storyboard */; };
		D6C9DB5D1C0EA68C00A5CB4A /* NewWorldTests.swift in Sources */ = {isa = PBXBuildFile; fileRef = D6C9DB5C1C0EA68C00A5CB4A /* NewWorldTests.swift */; };
		D6C9DB681C0EA68C00A5CB4A /* NewWorldUITests.swift in Sources */ = {isa = PBXBuildFile; fileRef = D6C9DB671C0EA68C00A5CB4A /* NewWorldUITests.swift */; };
/* End PBXBuildFile section */

/* Begin PBXContainerItemProxy section */
		D6C9DB591C0EA68C00A5CB4A /* PBXContainerItemProxy */ = {
			isa = PBXContainerItemProxy;
			containerPortal = D6C9DB3C1C0EA68B00A5CB4A /* Project object */;
			proxyType = 1;
			remoteGlobalIDString = D6C9DB431C0EA68B00A5CB4A;
			remoteInfo = NewWorld;
		};
		D6C9DB641C0EA68C00A5CB4A /* PBXContainerItemProxy */ = {
			isa = PBXContainerItemProxy;
			containerPortal = D6C9DB3C1C0EA68B00A5CB4A /* Project object */;
			proxyType = 1;
			remoteGlobalIDString = D6C9DB431C0EA68B00A5CB4A;
			remoteInfo = NewWorld;
		};
/* End PBXContainerItemProxy section */

/* Begin PBXFileReference section */
		D6C9DB441C0EA68B00A5CB4A /* NewWorld.app */ = {isa = PBXFileReference; explicitFileType = wrapper.application; includeInIndex = 0; path = NewWorld.app; sourceTree = BUILT_PRODUCTS_DIR; };
		D6C9DB471C0EA68B00A5CB4A /* AppDelegate.swift */ = {isa = PBXFileReference; lastKnownFileType = sourcecode.swift; path = AppDelegate.swift; sourceTree = "<group>"; };
		D6C9DB491C0EA68B00A5CB4A /* ViewController.swift */ = {isa = PBXFileReference; lastKnownFileType = sourcecode.swift; path = ViewController.swift; sourceTree = "<group>"; };
		D6C9DB4C1C0EA68B00A5CB4A /* Base */ = {isa = PBXFileReference; lastKnownFileType = file.storyboard; name = Base; path = Base.lproj/Main.storyboard; sourceTree = "<group>"; };
		D6C9DB4E1C0EA68B00A5CB4A /* Assets.xcassets */ = {isa = PBXFileReference; lastKnownFileType = folder.assetcatalog; path = Assets.xcassets; sourceTree = "<group>"; };
		D6C9DB511C0EA68B00A5CB4A /* Base */ = {isa = PBXFileReference; lastKnownFileType = file.storyboard; name = Base; path = Base.lproj/LaunchScreen.storyboard; sourceTree = "<group>"; };
		D6C9DB531C0EA68B00A5CB4A /* Info.plist */ = {isa = PBXFileReference; lastKnownFileType = text.plist.xml; path = Info.plist; sourceTree = "<group>"; };
		D6C9DB581C0EA68C00A5CB4A /* NewWorldTests.xctest */ = {isa = PBXFileReference; explicitFileType = wrapper.cfbundle; includeInIndex = 0; path = NewWorldTests.xctest; sourceTree = BUILT_PRODUCTS_DIR; };
		D6C9DB5C1C0EA68C00A5CB4A /* NewWorldTests.swift */ = {isa = PBXFileReference; lastKnownFileType = sourcecode.swift; path = NewWorldTests.swift; sourceTree = "<group>"; };
		D6C9DB5E1C0EA68C00A5CB4A /* Info.plist */ = {isa = PBXFileReference; lastKnownFileType = text.plist.xml; path = Info.plist; sourceTree = "<group>"; };
		D6C9DB631C0EA68C00A5CB4A /* NewWorldUITests.xctest */ = {isa = PBXFileReference; explicitFileType = wrapper.cfbundle; includeInIndex = 0; path = NewWorldUITests.xctest; sourceTree = BUILT_PRODUCTS_DIR; };
		D6C9DB671C0EA68C00A5CB4A /* NewWorldUITests.swift */ = {isa = PBXFileReference; lastKnownFileType = sourcecode.swift; path = NewWorldUITests.swift; sourceTree = "<group>"; };
		D6C9DB691C0EA68C00A5CB4A /* Info.plist */ = {isa = PBXFileReference; lastKnownFileType = text.plist.xml; path = Info.plist; sourceTree = "<group>"; };
/* End PBXFileReference section */

/* Begin PBXFrameworksBuildPhase section */
		D6C9DB411C0EA68B00A5CB4A /* Frameworks */ = {
			isa = PBXFrameworksBuildPhase;
			buildActionMask = 2147483647;
			files = (
			);
			runOnlyForDeploymentPostprocessing = 0;
		};
		D6C9DB551C0EA68C00A5CB4A /* Frameworks */ = {
			isa = PBXFrameworksBuildPhase;
			buildActionMask = 2147483647;
			files = (
			);
			runOnlyForDeploymentPostprocessing = 0;
		};
		D6C9DB601C0EA68C00A5CB4A /* Frameworks */ = {
			isa = PBXFrameworksBuildPhase;
			buildActionMask = 2147483647;
			files = (
			);
			runOnlyForDeploymentPostprocessing = 0;
		};
/* End PBXFrameworksBuildPhase section */

/* Begin PBXGroup section */
		D6C9DB3B1C0EA68B00A5CB4A = {
			isa = PBXGroup;
			children = (
				D6C9DB461C0EA68B00A5CB4A /* NewWorld */,
				D6C9DB5B1C0EA68C00A5CB4A /* NewWorldTests */,
				D6C9DB661C0EA68C00A5CB4A /* NewWorldUITests */,
				D6C9DB451C0EA68B00A5CB4A /* Products */,
			);
			sourceTree = "<group>";
		};
		D6C9DB451C0EA68B00A5CB4A /* Products */ = {
			isa = PBXGroup;
			children = (
				D6C9DB441C0EA68B00A5CB4A /* NewWorld.app */,
				D6C9DB581C0EA68C00A5CB4A /* NewWorldTests.xctest */,
				D6C9DB631C0EA68C00A5CB4A /* NewWorldUITests.xctest */,
			);
			name = Products;
			sourceTree = "<group>";
		};
		D6C9DB461C0EA68B00A5CB4A /* NewWorld */ = {
			isa = PBXGroup;
			children = (
				D6C9DB471C0EA68B00A5CB4A /* AppDelegate.swift */,
				D6C9DB491C0EA68B00A5CB4A /* ViewController.swift */,
				D6C9DB4B1C0EA68B00A5CB4A /* Main.storyboard */,
				D6C9DB4E1C0EA68B00A5CB4A /* Assets.xcassets */,
				D6C9DB501C0EA68B00A5CB4A /* LaunchScreen.storyboard */,
				D6C9DB531C0EA68B00A5CB4A /* Info.plist */,
			);
			path = NewWorld;
			sourceTree = "<group>";
		};
		D6C9DB5B1C0EA68C00A5CB4A /* NewWorldTests */ = {
			isa = PBXGroup;
			children = (
				D6C9DB5C1C0EA68C00A5CB4A /* NewWorldTests.swift */,
				D6C9DB5E1C0EA68C00A5CB4A /* Info.plist */,
			);
			path = NewWorldTests;
			sourceTree = "<group>";
		};
		D6C9DB661C0EA68C00A5CB4A /* NewWorldUITests */ = {
			isa = PBXGroup;
			children = (
				D6C9DB671C0EA68C00A5CB4A /* NewWorldUITests.swift */,
				D6C9DB691C0EA68C00A5CB4A /* Info.plist */,
			);
			path = NewWorldUITests;
			sourceTree = "<group>";
		};
/* End PBXGroup section */

/* Begin PBXNativeTarget section */
		D6C9DB431C0EA68B00A5CB4A /* NewWorld */ = {
			isa = PBXNativeTarget;
			buildConfigurationList = D6C9DB6C1C0EA68C00A5CB4A /* Build configuration list for PBXNativeTarget "NewWorld" */;
			buildPhases = (
				D6C9DB401C0EA68B00A5CB4A /* Sources */,
				D6C9DB411C0EA68B00A5CB4A /* Frameworks */,
				D6C9DB421C0EA68B00A5CB4A /* Resources */,
			);
			buildRules = (
			);
			dependencies = (
			);
			name = NewWorld;
			productName = NewWorld;
			productReference = D6C9DB441C0EA68B00A5CB4A /* NewWorld.app */;
			productType = "com.apple.product-type.application";
		};
		D6C9DB571C0EA68C00A5CB4A /* NewWorldTests */ = {
			isa = PBXNativeTarget;
			buildConfigurationList = D6C9DB6F1C0EA68C00A5CB4A /* Build configuration list for PBXNativeTarget "NewWorldTests" */;
			buildPhases = (
				D6C9DB541C0EA68C00A5CB4A /* Sources */,
				D6C9DB551C0EA68C00A5CB4A /* Frameworks */,
				D6C9DB561C0EA68C00A5CB4A /* Resources */,
			);
			buildRules = (
			);
			dependencies = (
				D6C9DB5A1C0EA68C00A5CB4A /* PBXTargetDependency */,
			);
			name = NewWorldTests;
			productName = NewWorldTests;
			productReference = D6C9DB581C0EA68C00A5CB4A /* NewWorldTests.xctest */;
			productType = "com.apple.product-type.bundle.unit-test";
		};
		D6C9DB621C0EA68C00A5CB4A /* NewWorldUITests */ = {
			isa = PBXNativeTarget;
			buildConfigurationList = D6C9DB721C0EA68C00A5CB4A /* Build configuration list for PBXNativeTarget "NewWorldUITests" */;
			buildPhases = (
				D6C9DB5F1C0EA68C00A5CB4A /* Sources */,
				D6C9DB601C0EA68C00A5CB4A /* Frameworks */,
				D6C9DB611C0EA68C00A5CB4A /* Resources */,
			);
			buildRules = (
			);
			dependencies = (
				D6C9DB651C0EA68C00A5CB4A /* PBXTargetDependency */,
			);
			name = NewWorldUITests;
			productName = NewWorldUITests;
			productReference = D6C9DB631C0EA68C00A5CB4A /* NewWorldUITests.xctest */;
			productType = "com.apple.product-type.bundle.ui-testing";
		};
/* End PBXNativeTarget section */

/* Begin PBXProject section */
		D6C9DB3C1C0EA68B00A5CB4A /* Project object */ = {
			isa = PBXProject;
			attributes = {
				LastSwiftUpdateCheck = 0710;
				LastUpgradeCheck = 0710;
				ORGANIZATIONNAME = "Anusha Kankanala";
				TargetAttributes = {
					D6C9DB431C0EA68B00A5CB4A = {
						CreatedOnToolsVersion = 7.1.1;
					};
					D6C9DB571C0EA68C00A5CB4A = {
						CreatedOnToolsVersion = 7.1.1;
						TestTargetID = D6C9DB431C0EA68B00A5CB4A;
					};
					D6C9DB621C0EA68C00A5CB4A = {
						CreatedOnToolsVersion = 7.1.1;
						TestTargetID = D6C9DB431C0EA68B00A5CB4A;
					};
				};
			};
			buildConfigurationList = D6C9DB3F1C0EA68B00A5CB4A /* Build configuration list for PBXProject "NewWorld" */;
			compatibilityVersion = "Xcode 3.2";
			developmentRegion = English;
			hasScannedForEncodings = 0;
			knownRegions = (
				en,
				Base,
			);
			mainGroup = D6C9DB3B1C0EA68B00A5CB4A;
			productRefGroup = D6C9DB451C0EA68B00A5CB4A /* Products */;
			projectDirPath = "";
			projectRoot = "";
			targets = (
				D6C9DB431C0EA68B00A5CB4A /* NewWorld */,
				D6C9DB571C0EA68C00A5CB4A /* NewWorldTests */,
				D6C9DB621C0EA68C00A5CB4A /* NewWorldUITests */,
			);
		};
/* End PBXProject section */

/* Begin PBXResourcesBuildPhase section */
		D6C9DB421C0EA68B00A5CB4A /* Resources */ = {
			isa = PBXResourcesBuildPhase;
			buildActionMask = 2147483647;
			files = (
				D6C9DB521C0EA68B00A5CB4A /* LaunchScreen.storyboard in Resources */,
				D6C9DB4F1C0EA68B00A5CB4A /* Assets.xcassets in Resources */,
				D6C9DB4D1C0EA68B00A5CB4A /* Main.storyboard in Resources */,
			);
			runOnlyForDeploymentPostprocessing = 0;
		};
		D6C9DB561C0EA68C00A5CB4A /* Resources */ = {
			isa = PBXResourcesBuildPhase;
			buildActionMask = 2147483647;
			files = (
			);
			runOnlyForDeploymentPostprocessing = 0;
		};
		D6C9DB611C0EA68C00A5CB4A /* Resources */ = {
			isa = PBXResourcesBuildPhase;
			buildActionMask = 2147483647;
			files = (
			);
			runOnlyForDeploymentPostprocessing = 0;
		};
/* End PBXResourcesBuildPhase section */

/* Begin PBXSourcesBuildPhase section */
		D6C9DB401C0EA68B00A5CB4A /* Sources */ = {
			isa = PBXSourcesBuildPhase;
			buildActionMask = 2147483647;
			files = (
				D6C9DB4A1C0EA68B00A5CB4A /* ViewController.swift in Sources */,
				D6C9DB481C0EA68B00A5CB4A /* AppDelegate.swift in Sources */,
			);
			runOnlyForDeploymentPostprocessing = 0;
		};
		D6C9DB541C0EA68C00A5CB4A /* Sources */ = {
			isa = PBXSourcesBuildPhase;
			buildActionMask = 2147483647;
			files = (
				D6C9DB5D1C0EA68C00A5CB4A /* NewWorldTests.swift in Sources */,
			);
			runOnlyForDeploymentPostprocessing = 0;
		};
		D6C9DB5F1C0EA68C00A5CB4A /* Sources */ = {
			isa = PBXSourcesBuildPhase;
			buildActionMask = 2147483647;
			files = (
				D6C9DB681C0EA68C00A5CB4A /* NewWorldUITests.swift in Sources */,
			);
			runOnlyForDeploymentPostprocessing = 0;
		};
/* End PBXSourcesBuildPhase section */

/* Begin PBXTargetDependency section */
		D6C9DB5A1C0EA68C00A5CB4A /* PBXTargetDependency */ = {
			isa = PBXTargetDependency;
			target = D6C9DB431C0EA68B00A5CB4A /* NewWorld */;
			targetProxy = D6C9DB591C0EA68C00A5CB4A /* PBXContainerItemProxy */;
		};
		D6C9DB651C0EA68C00A5CB4A /* PBXTargetDependency */ = {
			isa = PBXTargetDependency;
			target = D6C9DB431C0EA68B00A5CB4A /* NewWorld */;
			targetProxy = D6C9DB641C0EA68C00A5CB4A /* PBXContainerItemProxy */;
		};
/* End PBXTargetDependency section */

/* Begin PBXVariantGroup section */
		D6C9DB4B1C0EA68B00A5CB4A /* Main.storyboard */ = {
			isa = PBXVariantGroup;
			children = (
				D6C9DB4C1C0EA68B00A5CB4A /* Base */,
			);
			name = Main.storyboard;
			sourceTree = "<group>";
		};
		D6C9DB501C0EA68B00A5CB4A /* LaunchScreen.storyboard */ = {
			isa = PBXVariantGroup;
			children = (
				D6C9DB511C0EA68B00A5CB4A /* Base */,
			);
			name = LaunchScreen.storyboard;
			sourceTree = "<group>";
		};
/* End PBXVariantGroup section */

/* Begin XCBuildConfiguration section */
		D6C9DB6A1C0EA68C00A5CB4A /* Debug */ = {
			isa = XCBuildConfiguration;
			buildSettings = {
				ALWAYS_SEARCH_USER_PATHS = NO;
				CLANG_CXX_LANGUAGE_STANDARD = "gnu++0x";
				CLANG_CXX_LIBRARY = "libc++";
				CLANG_ENABLE_MODULES = YES;
				CLANG_ENABLE_OBJC_ARC = YES;
				CLANG_WARN_BOOL_CONVERSION = YES;
				CLANG_WARN_CONSTANT_CONVERSION = YES;
				CLANG_WARN_DIRECT_OBJC_ISA_USAGE = YES_ERROR;
				CLANG_WARN_EMPTY_BODY = YES;
				CLANG_WARN_ENUM_CONVERSION = YES;
				CLANG_WARN_INT_CONVERSION = YES;
				CLANG_WARN_OBJC_ROOT_CLASS = YES_ERROR;
				CLANG_WARN_UNREACHABLE_CODE = YES;
				CLANG_WARN__DUPLICATE_METHOD_MATCH = YES;
				"CODE_SIGN_IDENTITY[sdk=iphoneos*]" = "iPhone Developer";
				COPY_PHASE_STRIP = NO;
				DEBUG_INFORMATION_FORMAT = dwarf;
				ENABLE_STRICT_OBJC_MSGSEND = YES;
				ENABLE_TESTABILITY = YES;
				GCC_C_LANGUAGE_STANDARD = gnu99;
				GCC_DYNAMIC_NO_PIC = NO;
				GCC_NO_COMMON_BLOCKS = YES;
				GCC_OPTIMIZATION_LEVEL = 0;
				GCC_PREPROCESSOR_DEFINITIONS = (
					"DEBUG=1",
					"$(inherited)",
				);
				GCC_WARN_64_TO_32_BIT_CONVERSION = YES;
				GCC_WARN_ABOUT_RETURN_TYPE = YES_ERROR;
				GCC_WARN_UNDECLARED_SELECTOR = YES;
				GCC_WARN_UNINITIALIZED_AUTOS = YES_AGGRESSIVE;
				GCC_WARN_UNUSED_FUNCTION = YES;
				GCC_WARN_UNUSED_VARIABLE = YES;
				IPHONEOS_DEPLOYMENT_TARGET = 9.1;
				MTL_ENABLE_DEBUG_INFO = YES;
				ONLY_ACTIVE_ARCH = YES;
				SDKROOT = iphoneos;
				SWIFT_OPTIMIZATION_LEVEL = "-Onone";
			};
			name = Debug;
		};
		D6C9DB6B1C0EA68C00A5CB4A /* Release */ = {
			isa = XCBuildConfiguration;
			buildSettings = {
				ALWAYS_SEARCH_USER_PATHS = NO;
				CLANG_CXX_LANGUAGE_STANDARD = "gnu++0x";
				CLANG_CXX_LIBRARY = "libc++";
				CLANG_ENABLE_MODULES = YES;
				CLANG_ENABLE_OBJC_ARC = YES;
				CLANG_WARN_BOOL_CONVERSION = YES;
				CLANG_WARN_CONSTANT_CONVERSION = YES;
				CLANG_WARN_DIRECT_OBJC_ISA_USAGE = YES_ERROR;
				CLANG_WARN_EMPTY_BODY = YES;
				CLANG_WARN_ENUM_CONVERSION = YES;
				CLANG_WARN_INT_CONVERSION = YES;
				CLANG_WARN_OBJC_ROOT_CLASS = YES_ERROR;
				CLANG_WARN_UNREACHABLE_CODE = YES;
				CLANG_WARN__DUPLICATE_METHOD_MATCH = YES;
				"CODE_SIGN_IDENTITY[sdk=iphoneos*]" = "iPhone Developer";
				COPY_PHASE_STRIP = NO;
				DEBUG_INFORMATION_FORMAT = "dwarf-with-dsym";
				ENABLE_NS_ASSERTIONS = NO;
				ENABLE_STRICT_OBJC_MSGSEND = YES;
				GCC_C_LANGUAGE_STANDARD = gnu99;
				GCC_NO_COMMON_BLOCKS = YES;
				GCC_WARN_64_TO_32_BIT_CONVERSION = YES;
				GCC_WARN_ABOUT_RETURN_TYPE = YES_ERROR;
				GCC_WARN_UNDECLARED_SELECTOR = YES;
				GCC_WARN_UNINITIALIZED_AUTOS = YES_AGGRESSIVE;
				GCC_WARN_UNUSED_FUNCTION = YES;
				GCC_WARN_UNUSED_VARIABLE = YES;
				IPHONEOS_DEPLOYMENT_TARGET = 9.1;
				MTL_ENABLE_DEBUG_INFO = NO;
				SDKROOT = iphoneos;
				VALIDATE_PRODUCT = YES;
			};
			name = Release;
		};
		D6C9DB6D1C0EA68C00A5CB4A /* Debug */ = {
			isa = XCBuildConfiguration;
			buildSettings = {
				ASSETCATALOG_COMPILER_APPICON_NAME = AppIcon;
				INFOPLIST_FILE = NewWorld/Info.plist;
				LD_RUNPATH_SEARCH_PATHS = "$(inherited) @executable_path/Frameworks";
				PRODUCT_BUNDLE_IDENTIFIER = "Anusha-Kankanala.HelloWorldprogram.NewWorld";
				PRODUCT_NAME = "$(TARGET_NAME)";
			};
			name = Debug;
		};
		D6C9DB6E1C0EA68C00A5CB4A /* Release */ = {
			isa = XCBuildConfiguration;
			buildSettings = {
				ASSETCATALOG_COMPILER_APPICON_NAME = AppIcon;
				INFOPLIST_FILE = NewWorld/Info.plist;
				LD_RUNPATH_SEARCH_PATHS = "$(inherited) @executable_path/Frameworks";
				PRODUCT_BUNDLE_IDENTIFIER = "Anusha-Kankanala.HelloWorldprogram.NewWorld";
				PRODUCT_NAME = "$(TARGET_NAME)";
			};
			name = Release;
		};
		D6C9DB701C0EA68C00A5CB4A /* Debug */ = {
			isa = XCBuildConfiguration;
			buildSettings = {
				BUNDLE_LOADER = "$(TEST_HOST)";
				INFOPLIST_FILE = NewWorldTests/Info.plist;
				LD_RUNPATH_SEARCH_PATHS = "$(inherited) @executable_path/Frameworks @loader_path/Frameworks";
				PRODUCT_BUNDLE_IDENTIFIER = "Anusha-Kankanala.HelloWorldprogram.NewWorldTests";
				PRODUCT_NAME = "$(TARGET_NAME)";
				TEST_HOST = "$(BUILT_PRODUCTS_DIR)/NewWorld.app/NewWorld";
			};
			name = Debug;
		};
		D6C9DB711C0EA68C00A5CB4A /* Release */ = {
			isa = XCBuildConfiguration;
			buildSettings = {
				BUNDLE_LOADER = "$(TEST_HOST)";
				INFOPLIST_FILE = NewWorldTests/Info.plist;
				LD_RUNPATH_SEARCH_PATHS = "$(inherited) @executable_path/Frameworks @loader_path/Frameworks";
				PRODUCT_BUNDLE_IDENTIFIER = "Anusha-Kankanala.HelloWorldprogram.NewWorldTests";
				PRODUCT_NAME = "$(TARGET_NAME)";
				TEST_HOST = "$(BUILT_PRODUCTS_DIR)/NewWorld.app/NewWorld";
			};
			name = Release;
		};
		D6C9DB731C0EA68C00A5CB4A /* Debug */ = {
			isa = XCBuildConfiguration;
			buildSettings = {
				INFOPLIST_FILE = NewWorldUITests/Info.plist;
				LD_RUNPATH_SEARCH_PATHS = "$(inherited) @executable_path/Frameworks @loader_path/Frameworks";
				PRODUCT_BUNDLE_IDENTIFIER = "Anusha-Kankanala.HelloWorldprogram.NewWorldUITests";
				PRODUCT_NAME = "$(TARGET_NAME)";
				TEST_TARGET_NAME = NewWorld;
				USES_XCTRUNNER = YES;
			};
			name = Debug;
		};
		D6C9DB741C0EA68C00A5CB4A /* Release */ = {
			isa = XCBuildConfiguration;
			buildSettings = {
				INFOPLIST_FILE = NewWorldUITests/Info.plist;
				LD_RUNPATH_SEARCH_PATHS = "$(inherited) @executable_path/Frameworks @loader_path/Frameworks";
				PRODUCT_BUNDLE_IDENTIFIER = "Anusha-Kankanala.HelloWorldprogram.NewWorldUITests";
				PRODUCT_NAME = "$(TARGET_NAME)";
				TEST_TARGET_NAME = NewWorld;
				USES_XCTRUNNER = YES;
			};
			name = Release;
		};
/* End XCBuildConfiguration section */

/* Begin XCConfigurationList section */
		D6C9DB3F1C0EA68B00A5CB4A /* Build configuration list for PBXProject "NewWorld" */ = {
			isa = XCConfigurationList;
			buildConfigurations = (
				D6C9DB6A1C0EA68C00A5CB4A /* Debug */,
				D6C9DB6B1C0EA68C00A5CB4A /* Release */,
			);
			defaultConfigurationIsVisible = 0;
			defaultConfigurationName = Release;
		};
		D6C9DB6C1C0EA68C00A5CB4A /* Build configuration list for PBXNativeTarget "NewWorld" */ = {
			isa = XCConfigurationList;
			buildConfigurations = (
				D6C9DB6D1C0EA68C00A5CB4A /* Debug */,
				D6C9DB6E1C0EA68C00A5CB4A /* Release */,
			);
			defaultConfigurationIsVisible = 0;
		};
		D6C9DB6F1C0EA68C00A5CB4A /* Build configuration list for PBXNativeTarget "NewWorldTests" */ = {
			isa = XCConfigurationList;
			buildConfigurations = (
				D6C9DB701C0EA68C00A5CB4A /* Debug */,
				D6C9DB711C0EA68C00A5CB4A /* Release */,
			);
			defaultConfigurationIsVisible = 0;
		};
		D6C9DB721C0EA68C00A5CB4A /* Build configuration list for PBXNativeTarget "NewWorldUITests" */ = {
			isa = XCConfigurationList;
			buildConfigurations = (
				D6C9DB731C0EA68C00A5CB4A /* Debug */,
				D6C9DB741C0EA68C00A5CB4A /* Release */,
			);
			defaultConfigurationIsVisible = 0;
		};
/* End XCConfigurationList section */
	};
	rootObject = D6C9DB3C1C0EA68B00A5CB4A /* Project object */;
}
